PODS:
  - Alamofire (4.5.0)
  - Kingfisher (3.10.3)
  - MJRefresh (3.1.12)
  - SnapKit (3.2.0)
  - SVProgressHUD (2.1.2)
  - SwiftyJSON (3.1.4)

DEPENDENCIES:
  - Alamofire
  - Kingfisher
  - MJRefresh
  - SnapKit
  - SVProgressHUD
  - SwiftyJSON

SPEC CHECKSUMS:
  Alamofire: f28cdffd29de33a7bfa022cbd63ae95a27fae140
  Kingfisher: a0ac82dc5bcf0388dd74b294cf2cc13730c63436
  MJRefresh: b96cdb21c4aa75a7b07654311ab2f315c497e806
  SnapKit: 1ca44df72cfa543218d177cb8aab029d10d86ea7
  SVProgressHUD: c404a55d78acbeb7ebb78b76d3faf986475a6994
  SwiftyJSON: c2842d878f95482ffceec5709abc3d05680c0220

PODFILE CHECKSUM: 9b1ac8df1c6e775c35b40a36e7c84d4134d6ba4e

COCOAPODS: 1.2.1
